
Microsoft Visual Studio Solution File, Format Version 12.00
# Visual Studio Version 17
VisualStudioVersion = 17.0.31903.59
MinimumVisualStudioVersion = 10.0.40219.1
Project("{2150E333-8FDC-42A3-9474-1A3956D46DE8}") = "src", "src", "{827E0CD3-B72D-47B6-A68D-7590B98EB39B}"
EndProject
Project("{FAE04EC0-301F-11D3-BF4B-00C04F79EFBC}") = "CH.Native", "src\CH.Native\CH.Native.csproj", "{69222C66-6E77-40F7-B732-67A52C3C900D}"
EndProject
Project("{2150E333-8FDC-42A3-9474-1A3956D46DE8}") = "tests", "tests", "{0AB3BF05-4346-4AA6-1389-037BE0695223}"
EndProject
Project("{FAE04EC0-301F-11D3-BF4B-00C04F79EFBC}") = "CH.Native.Tests", "tests\CH.Native.Tests\CH.Native.Tests.csproj", "{DB73AA3E-A5B0-4979-B720-D9670E5B097E}"
EndProject
Project("{2150E333-8FDC-42A3-9474-1A3956D46DE8}") = "benchmarks", "benchmarks", "{66320409-64EC-F7C5-3DEF-65E7510DAAD1}"
EndProject
Project("{FAE04EC0-301F-11D3-BF4B-00C04F79EFBC}") = "CH.Native.Benchmarks", "benchmarks\CH.Native.Benchmarks\CH.Native.Benchmarks.csproj", "{7DB8424C-B7C3-466D-AB0C-4DCE230D3B4E}"
EndProject
Project("{2150E333-8FDC-42A3-9474-1A3956D46DE8}") = "samples", "samples", "{A1B2C3D4-E5F6-7890-ABCD-EF1234567890}"
EndProject
Project("{FAE04EC0-301F-11D3-BF4B-00C04F79EFBC}") = "CH.Native.Samples.GettingStarted", "samples\CH.Native.Samples.GettingStarted\CH.Native.Samples.GettingStarted.csproj", "{B1A2C3D4-0001-4000-8000-000000000001}"
EndProject
Project("{FAE04EC0-301F-11D3-BF4B-00C04F79EFBC}") = "CH.Native.Samples.BulkInsert", "samples\CH.Native.Samples.BulkInsert\CH.Native.Samples.BulkInsert.csproj", "{B1A2C3D4-0002-4000-8000-000000000002}"
EndProject
Project("{FAE04EC0-301F-11D3-BF4B-00C04F79EFBC}") = "CH.Native.Samples.DapperIntegration", "samples\CH.Native.Samples.DapperIntegration\CH.Native.Samples.DapperIntegration.csproj", "{B1A2C3D4-0003-4000-8000-000000000003}"
EndProject
Project("{FAE04EC0-301F-11D3-BF4B-00C04F79EFBC}") = "CH.Native.Samples.LinqQueries", "samples\CH.Native.Samples.LinqQueries\CH.Native.Samples.LinqQueries.csproj", "{B1A2C3D4-0004-4000-8000-000000000004}"
EndProject
Project("{FAE04EC0-301F-11D3-BF4B-00C04F79EFBC}") = "CH.Native.Samples.LogIngestion", "samples\CH.Native.Samples.LogIngestion\CH.Native.Samples.LogIngestion.csproj", "{B1A2C3D4-0005-4000-8000-000000000005}"
EndProject
Project("{FAE04EC0-301F-11D3-BF4B-00C04F79EFBC}") = "CH.Native.StressTests", "tests\CH.Native.StressTests\CH.Native.StressTests.csproj", "{94ED0F9C-CCBC-44C7-85FD-221D6A294DDA}"
EndProject
Project("{FAE04EC0-301F-11D3-BF4B-00C04F79EFBC}") = "CH.Native.SmokeTests", "tests\CH.Native.SmokeTests\CH.Native.SmokeTests.csproj", "{C1D2E3F4-5678-4000-9000-SMOKE0TEST01}"
EndProject
Global
	GlobalSection(SolutionConfigurationPlatforms) = preSolution
		Debug|Any CPU = Debug|Any CPU
		Debug|x64 = Debug|x64
		Debug|x86 = Debug|x86
		Release|Any CPU = Release|Any CPU
		Release|x64 = Release|x64
		Release|x86 = Release|x86
	EndGlobalSection
	GlobalSection(ProjectConfigurationPlatforms) = postSolution
		{69222C66-6E77-40F7-B732-67A52C3C900D}.Debug|Any CPU.ActiveCfg = Debug|Any CPU
		{69222C66-6E77-40F7-B732-67A52C3C900D}.Debug|Any CPU.Build.0 = Debug|Any CPU
		{69222C66-6E77-40F7-B732-67A52C3C900D}.Debug|x64.ActiveCfg = Debug|Any CPU
		{69222C66-6E77-40F7-B732-67A52C3C900D}.Debug|x64.Build.0 = Debug|Any CPU
		{69222C66-6E77-40F7-B732-67A52C3C900D}.Debug|x86.ActiveCfg = Debug|Any CPU
		{69222C66-6E77-40F7-B732-67A52C3C900D}.Debug|x86.Build.0 = Debug|Any CPU
		{69222C66-6E77-40F7-B732-67A52C3C900D}.Release|Any CPU.ActiveCfg = Release|Any CPU
		{69222C66-6E77-40F7-B732-67A52C3C900D}.Release|Any CPU.Build.0 = Release|Any CPU
		{69222C66-6E77-40F7-B732-67A52C3C900D}.Release|x64.ActiveCfg = Release|Any CPU
		{69222C66-6E77-40F7-B732-67A52C3C900D}.Release|x64.Build.0 = Release|Any CPU
		{69222C66-6E77-40F7-B732-67A52C3C900D}.Release|x86.ActiveCfg = Release|Any CPU
		{69222C66-6E77-40F7-B732-67A52C3C900D}.Release|x86.Build.0 = Release|Any CPU
		{DB73AA3E-A5B0-4979-B720-D9670E5B097E}.Debug|Any CPU.ActiveCfg = Debug|Any CPU
		{DB73AA3E-A5B0-4979-B720-D9670E5B097E}.Debug|Any CPU.Build.0 = Debug|Any CPU
		{DB73AA3E-A5B0-4979-B720-D9670E5B097E}.Debug|x64.ActiveCfg = Debug|Any CPU
		{DB73AA3E-A5B0-4979-B720-D9670E5B097E}.Debug|x64.Build.0 = Debug|Any CPU
		{DB73AA3E-A5B0-4979-B720-D9670E5B097E}.Debug|x86.ActiveCfg = Debug|Any CPU
		{DB73AA3E-A5B0-4979-B720-D9670E5B097E}.Debug|x86.Build.0 = Debug|Any CPU
		{DB73AA3E-A5B0-4979-B720-D9670E5B097E}.Release|Any CPU.ActiveCfg = Release|Any CPU
		{DB73AA3E-A5B0-4979-B720-D9670E5B097E}.Release|Any CPU.Build.0 = Release|Any CPU
		{DB73AA3E-A5B0-4979-B720-D9670E5B097E}.Release|x64.ActiveCfg = Release|Any CPU
		{DB73AA3E-A5B0-4979-B720-D9670E5B097E}.Release|x64.Build.0 = Release|Any CPU
		{DB73AA3E-A5B0-4979-B720-D9670E5B097E}.Release|x86.ActiveCfg = Release|Any CPU
		{DB73AA3E-A5B0-4979-B720-D9670E5B097E}.Release|x86.Build.0 = Release|Any CPU
		{7DB8424C-B7C3-466D-AB0C-4DCE230D3B4E}.Debug|Any CPU.ActiveCfg = Debug|Any CPU
		{7DB8424C-B7C3-466D-AB0C-4DCE230D3B4E}.Debug|Any CPU.Build.0 = Debug|Any CPU
		{7DB8424C-B7C3-466D-AB0C-4DCE230D3B4E}.Debug|x64.ActiveCfg = Debug|Any CPU
		{7DB8424C-B7C3-466D-AB0C-4DCE230D3B4E}.Debug|x64.Build.0 = Debug|Any CPU
		{7DB8424C-B7C3-466D-AB0C-4DCE230D3B4E}.Debug|x86.ActiveCfg = Debug|Any CPU
		{7DB8424C-B7C3-466D-AB0C-4DCE230D3B4E}.Debug|x86.Build.0 = Debug|Any CPU
		{7DB8424C-B7C3-466D-AB0C-4DCE230D3B4E}.Release|Any CPU.ActiveCfg = Release|Any CPU
		{7DB8424C-B7C3-466D-AB0C-4DCE230D3B4E}.Release|Any CPU.Build.0 = Release|Any CPU
		{7DB8424C-B7C3-466D-AB0C-4DCE230D3B4E}.Release|x64.ActiveCfg = Release|Any CPU
		{7DB8424C-B7C3-466D-AB0C-4DCE230D3B4E}.Release|x64.Build.0 = Release|Any CPU
		{7DB8424C-B7C3-466D-AB0C-4DCE230D3B4E}.Release|x86.ActiveCfg = Release|Any CPU
		{7DB8424C-B7C3-466D-AB0C-4DCE230D3B4E}.Release|x86.Build.0 = Release|Any CPU
		{B1A2C3D4-0001-4000-8000-000000000001}.Debug|Any CPU.ActiveCfg = Debug|Any CPU
		{B1A2C3D4-0001-4000-8000-000000000001}.Debug|Any CPU.Build.0 = Debug|Any CPU
		{B1A2C3D4-0001-4000-8000-000000000001}.Debug|x64.ActiveCfg = Debug|Any CPU
		{B1A2C3D4-0001-4000-8000-000000000001}.Debug|x64.Build.0 = Debug|Any CPU
		{B1A2C3D4-0001-4000-8000-000000000001}.Debug|x86.ActiveCfg = Debug|Any CPU
		{B1A2C3D4-0001-4000-8000-000000000001}.Debug|x86.Build.0 = Debug|Any CPU
		{B1A2C3D4-0001-4000-8000-000000000001}.Release|Any CPU.ActiveCfg = Release|Any CPU
		{B1A2C3D4-0001-4000-8000-000000000001}.Release|Any CPU.Build.0 = Release|Any CPU
		{B1A2C3D4-0001-4000-8000-000000000001}.Release|x64.ActiveCfg = Release|Any CPU
		{B1A2C3D4-0001-4000-8000-000000000001}.Release|x64.Build.0 = Release|Any CPU
		{B1A2C3D4-0001-4000-8000-000000000001}.Release|x86.ActiveCfg = Release|Any CPU
		{B1A2C3D4-0001-4000-8000-000000000001}.Release|x86.Build.0 = Release|Any CPU
		{B1A2C3D4-0002-4000-8000-000000000002}.Debug|Any CPU.ActiveCfg = Debug|Any CPU
		{B1A2C3D4-0002-4000-8000-000000000002}.Debug|Any CPU.Build.0 = Debug|Any CPU
		{B1A2C3D4-0002-4000-8000-000000000002}.Debug|x64.ActiveCfg = Debug|Any CPU
		{B1A2C3D4-0002-4000-8000-000000000002}.Debug|x64.Build.0 = Debug|Any CPU
		{B1A2C3D4-0002-4000-8000-000000000002}.Debug|x86.ActiveCfg = Debug|Any CPU
		{B1A2C3D4-0002-4000-8000-000000000002}.Debug|x86.Build.0 = Debug|Any CPU
		{B1A2C3D4-0002-4000-8000-000000000002}.Release|Any CPU.ActiveCfg = Release|Any CPU
		{B1A2C3D4-0002-4000-8000-000000000002}.Release|Any CPU.Build.0 = Release|Any CPU
		{B1A2C3D4-0002-4000-8000-000000000002}.Release|x64.ActiveCfg = Release|Any CPU
		{B1A2C3D4-0002-4000-8000-000000000002}.Release|x64.Build.0 = Release|Any CPU
		{B1A2C3D4-0002-4000-8000-000000000002}.Release|x86.ActiveCfg = Release|Any CPU
		{B1A2C3D4-0002-4000-8000-000000000002}.Release|x86.Build.0 = Release|Any CPU
		{B1A2C3D4-0003-4000-8000-000000000003}.Debug|Any CPU.ActiveCfg = Debug|Any CPU
		{B1A2C3D4-0003-4000-8000-000000000003}.Debug|Any CPU.Build.0 = Debug|Any CPU
		{B1A2C3D4-0003-4000-8000-000000000003}.Debug|x64.ActiveCfg = Debug|Any CPU
		{B1A2C3D4-0003-4000-8000-000000000003}.Debug|x64.Build.0 = Debug|Any CPU
		{B1A2C3D4-0003-4000-8000-000000000003}.Debug|x86.ActiveCfg = Debug|Any CPU
		{B1A2C3D4-0003-4000-8000-000000000003}.Debug|x86.Build.0 = Debug|Any CPU
		{B1A2C3D4-0003-4000-8000-000000000003}.Release|Any CPU.ActiveCfg = Release|Any CPU
		{B1A2C3D4-0003-4000-8000-000000000003}.Release|Any CPU.Build.0 = Release|Any CPU
		{B1A2C3D4-0003-4000-8000-000000000003}.Release|x64.ActiveCfg = Release|Any CPU
		{B1A2C3D4-0003-4000-8000-000000000003}.Release|x64.Build.0 = Release|Any CPU
		{B1A2C3D4-0003-4000-8000-000000000003}.Release|x86.ActiveCfg = Release|Any CPU
		{B1A2C3D4-0003-4000-8000-000000000003}.Release|x86.Build.0 = Release|Any CPU
		{B1A2C3D4-0004-4000-8000-000000000004}.Debug|Any CPU.ActiveCfg = Debug|Any CPU
		{B1A2C3D4-0004-4000-8000-000000000004}.Debug|Any CPU.Build.0 = Debug|Any CPU
		{B1A2C3D4-0004-4000-8000-000000000004}.Debug|x64.ActiveCfg = Debug|Any CPU
		{B1A2C3D4-0004-4000-8000-000000000004}.Debug|x64.Build.0 = Debug|Any CPU
		{B1A2C3D4-0004-4000-8000-000000000004}.Debug|x86.ActiveCfg = Debug|Any CPU
		{B1A2C3D4-0004-4000-8000-000000000004}.Debug|x86.Build.0 = Debug|Any CPU
		{B1A2C3D4-0004-4000-8000-000000000004}.Release|Any CPU.ActiveCfg = Release|Any CPU
		{B1A2C3D4-0004-4000-8000-000000000004}.Release|Any CPU.Build.0 = Release|Any CPU
		{B1A2C3D4-0004-4000-8000-000000000004}.Release|x64.ActiveCfg = Release|Any CPU
		{B1A2C3D4-0004-4000-8000-000000000004}.Release|x64.Build.0 = Release|Any CPU
		{B1A2C3D4-0004-4000-8000-000000000004}.Release|x86.ActiveCfg = Release|Any CPU
		{B1A2C3D4-0004-4000-8000-000000000004}.Release|x86.Build.0 = Release|Any CPU
		{B1A2C3D4-0005-4000-8000-000000000005}.Debug|Any CPU.ActiveCfg = Debug|Any CPU
		{B1A2C3D4-0005-4000-8000-000000000005}.Debug|Any CPU.Build.0 = Debug|Any CPU
		{B1A2C3D4-0005-4000-8000-000000000005}.Debug|x64.ActiveCfg = Debug|Any CPU
		{B1A2C3D4-0005-4000-8000-000000000005}.Debug|x64.Build.0 = Debug|Any CPU
		{B1A2C3D4-0005-4000-8000-000000000005}.Debug|x86.ActiveCfg = Debug|Any CPU
		{B1A2C3D4-0005-4000-8000-000000000005}.Debug|x86.Build.0 = Debug|Any CPU
		{B1A2C3D4-0005-4000-8000-000000000005}.Release|Any CPU.ActiveCfg = Release|Any CPU
		{B1A2C3D4-0005-4000-8000-000000000005}.Release|Any CPU.Build.0 = Release|Any CPU
		{B1A2C3D4-0005-4000-8000-000000000005}.Release|x64.ActiveCfg = Release|Any CPU
		{B1A2C3D4-0005-4000-8000-000000000005}.Release|x64.Build.0 = Release|Any CPU
		{B1A2C3D4-0005-4000-8000-000000000005}.Release|x86.ActiveCfg = Release|Any CPU
		{B1A2C3D4-0005-4000-8000-000000000005}.Release|x86.Build.0 = Release|Any CPU
		{94ED0F9C-CCBC-44C7-85FD-221D6A294DDA}.Debug|Any CPU.ActiveCfg = Debug|Any CPU
		{94ED0F9C-CCBC-44C7-85FD-221D6A294DDA}.Debug|Any CPU.Build.0 = Debug|Any CPU
		{94ED0F9C-CCBC-44C7-85FD-221D6A294DDA}.Debug|x64.ActiveCfg = Debug|Any CPU
		{94ED0F9C-CCBC-44C7-85FD-221D6A294DDA}.Debug|x64.Build.0 = Debug|Any CPU
		{94ED0F9C-CCBC-44C7-85FD-221D6A294DDA}.Debug|x86.ActiveCfg = Debug|Any CPU
		{94ED0F9C-CCBC-44C7-85FD-221D6A294DDA}.Debug|x86.Build.0 = Debug|Any CPU
		{94ED0F9C-CCBC-44C7-85FD-221D6A294DDA}.Release|Any CPU.ActiveCfg = Release|Any CPU
		{94ED0F9C-CCBC-44C7-85FD-221D6A294DDA}.Release|Any CPU.Build.0 = Release|Any CPU
		{94ED0F9C-CCBC-44C7-85FD-221D6A294DDA}.Release|x64.ActiveCfg = Release|Any CPU
		{94ED0F9C-CCBC-44C7-85FD-221D6A294DDA}.Release|x64.Build.0 = Release|Any CPU
		{94ED0F9C-CCBC-44C7-85FD-221D6A294DDA}.Release|x86.ActiveCfg = Release|Any CPU
		{94ED0F9C-CCBC-44C7-85FD-221D6A294DDA}.Release|x86.Build.0 = Release|Any CPU
		{C1D2E3F4-5678-4000-9000-SMOKE0TEST01}.Debug|Any CPU.ActiveCfg = Debug|Any CPU
		{C1D2E3F4-5678-4000-9000-SMOKE0TEST01}.Debug|Any CPU.Build.0 = Debug|Any CPU
		{C1D2E3F4-5678-4000-9000-SMOKE0TEST01}.Debug|x64.ActiveCfg = Debug|Any CPU
		{C1D2E3F4-5678-4000-9000-SMOKE0TEST01}.Debug|x64.Build.0 = Debug|Any CPU
		{C1D2E3F4-5678-4000-9000-SMOKE0TEST01}.Debug|x86.ActiveCfg = Debug|Any CPU
		{C1D2E3F4-5678-4000-9000-SMOKE0TEST01}.Debug|x86.Build.0 = Debug|Any CPU
		{C1D2E3F4-5678-4000-9000-SMOKE0TEST01}.Release|Any CPU.ActiveCfg = Release|Any CPU
		{C1D2E3F4-5678-4000-9000-SMOKE0TEST01}.Release|Any CPU.Build.0 = Release|Any CPU
		{C1D2E3F4-5678-4000-9000-SMOKE0TEST01}.Release|x64.ActiveCfg = Release|Any CPU
		{C1D2E3F4-5678-4000-9000-SMOKE0TEST01}.Release|x64.Build.0 = Release|Any CPU
		{C1D2E3F4-5678-4000-9000-SMOKE0TEST01}.Release|x86.ActiveCfg = Release|Any CPU
		{C1D2E3F4-5678-4000-9000-SMOKE0TEST01}.Release|x86.Build.0 = Release|Any CPU
	EndGlobalSection
	GlobalSection(SolutionProperties) = preSolution
		HideSolutionNode = FALSE
	EndGlobalSection
	GlobalSection(NestedProjects) = preSolution
		{69222C66-6E77-40F7-B732-67A52C3C900D} = {827E0CD3-B72D-47B6-A68D-7590B98EB39B}
		{DB73AA3E-A5B0-4979-B720-D9670E5B097E} = {0AB3BF05-4346-4AA6-1389-037BE0695223}
		{7DB8424C-B7C3-466D-AB0C-4DCE230D3B4E} = {66320409-64EC-F7C5-3DEF-65E7510DAAD1}
		{B1A2C3D4-0001-4000-8000-000000000001} = {A1B2C3D4-E5F6-7890-ABCD-EF1234567890}
		{B1A2C3D4-0002-4000-8000-000000000002} = {A1B2C3D4-E5F6-7890-ABCD-EF1234567890}
		{B1A2C3D4-0003-4000-8000-000000000003} = {A1B2C3D4-E5F6-7890-ABCD-EF1234567890}
		{B1A2C3D4-0004-4000-8000-000000000004} = {A1B2C3D4-E5F6-7890-ABCD-EF1234567890}
		{B1A2C3D4-0005-4000-8000-000000000005} = {A1B2C3D4-E5F6-7890-ABCD-EF1234567890}
		{94ED0F9C-CCBC-44C7-85FD-221D6A294DDA} = {0AB3BF05-4346-4AA6-1389-037BE0695223}
		{C1D2E3F4-5678-4000-9000-SMOKE0TEST01} = {0AB3BF05-4346-4AA6-1389-037BE0695223}
	EndGlobalSection
EndGlobal
